// !$*UTF8*$!
{
	archiveVersion = 1;
	classes = {
	};
	objectVersion = 50;
	objects = {

/* Begin PBXBuildFile section */
		2F8A4B5A25D0A8A600310BAD /* AppDelegate.swift in Sources */ = {isa = PBXBuildFile; fileRef = 2F8A4B5925D0A8A600310BAD /* AppDelegate.swift */; };
		2F8A4B5C25D0A8A600310BAD /* SceneDelegate.swift in Sources */ = {isa = PBXBuildFile; fileRef = 2F8A4B5B25D0A8A600310BAD /* SceneDelegate.swift */; };
		2F8A4B5E25D0A8A600310BAD /* ViewController.swift in Sources */ = {isa = PBXBuildFile; fileRef = 2F8A4B5D25D0A8A600310BAD /* ViewController.swift */; };
		2F8A4B6125D0A8A600310BAD /* Main.storyboard in Resources */ = {isa = PBXBuildFile; fileRef = 2F8A4B5F25D0A8A600310BAD /* Main.storyboard */; };
		2F8A4B6325D0A8A700310BAD /* Assets.xcassets in Resources */ = {isa = PBXBuildFile; fileRef = 2F8A4B6225D0A8A700310BAD /* Assets.xcassets */; };
		2F8A4B6625D0A8A700310BAD /* LaunchScreen.storyboard in Resources */ = {isa = PBXBuildFile; fileRef = 2F8A4B6425D0A8A700310BAD /* LaunchScreen.storyboard */; };
		2FC2644F25D0E4B7003AB74B /* screen in Resources */ = {isa = PBXBuildFile; fileRef = 2FC2644E25D0E4B7003AB74B /* screen */; };
		2FC2645125D0EB95003AB74B /* MCDUButton.swift in Sources */ = {isa = PBXBuildFile; fileRef = 2FC2645025D0EB95003AB74B /* MCDUButton.swift */; };
		2FC2645325D0FA7A003AB74B /* MCDUButtonGroup.swift in Sources */ = {isa = PBXBuildFile; fileRef = 2FC2645225D0FA7A003AB74B /* MCDUButtonGroup.swift */; };
		2FC2645525D1163E003AB74B /* MCDUButtonGrid.swift in Sources */ = {isa = PBXBuildFile; fileRef = 2FC2645425D1163E003AB74B /* MCDUButtonGrid.swift */; };
/* End PBXBuildFile section */

/* Begin PBXFileReference section */
		2F8A4B5625D0A8A600310BAD /* A32NX MCDU.app */ = {isa = PBXFileReference; explicitFileType = wrapper.application; includeInIndex = 0; path = "A32NX MCDU.app"; sourceTree = BUILT_PRODUCTS_DIR; };
		2F8A4B5925D0A8A600310BAD /* AppDelegate.swift */ = {isa = PBXFileReference; lastKnownFileType = sourcecode.swift; path = AppDelegate.swift; sourceTree = "<group>"; };
		2F8A4B5B25D0A8A600310BAD /* SceneDelegate.swift */ = {isa = PBXFileReference; lastKnownFileType = sourcecode.swift; path = SceneDelegate.swift; sourceTree = "<group>"; };
		2F8A4B5D25D0A8A600310BAD /* ViewController.swift */ = {isa = PBXFileReference; lastKnownFileType = sourcecode.swift; path = ViewController.swift; sourceTree = "<group>"; };
		2F8A4B6025D0A8A600310BAD /* Base */ = {isa = PBXFileReference; lastKnownFileType = file.storyboard; name = Base; path = Base.lproj/Main.storyboard; sourceTree = "<group>"; };
		2F8A4B6225D0A8A700310BAD /* Assets.xcassets */ = {isa = PBXFileReference; lastKnownFileType = folder.assetcatalog; path = Assets.xcassets; sourceTree = "<group>"; };
		2F8A4B6525D0A8A700310BAD /* Base */ = {isa = PBXFileReference; lastKnownFileType = file.storyboard; name = Base; path = Base.lproj/LaunchScreen.storyboard; sourceTree = "<group>"; };
		2F8A4B6725D0A8A700310BAD /* Info.plist */ = {isa = PBXFileReference; lastKnownFileType = text.plist.xml; path = Info.plist; sourceTree = "<group>"; };
		2FC2644E25D0E4B7003AB74B /* screen */ = {isa = PBXFileReference; lastKnownFileType = folder; path = screen; sourceTree = "<group>"; };
		2FC2645025D0EB95003AB74B /* MCDUButton.swift */ = {isa = PBXFileReference; lastKnownFileType = sourcecode.swift; path = MCDUButton.swift; sourceTree = "<group>"; };
		2FC2645225D0FA7A003AB74B /* MCDUButtonGroup.swift */ = {isa = PBXFileReference; lastKnownFileType = sourcecode.swift; path = MCDUButtonGroup.swift; sourceTree = "<group>"; };
		2FC2645425D1163E003AB74B /* MCDUButtonGrid.swift */ = {isa = PBXFileReference; lastKnownFileType = sourcecode.swift; path = MCDUButtonGrid.swift; sourceTree = "<group>"; };
/* End PBXFileReference section */

/* Begin PBXFrameworksBuildPhase section */
		2F8A4B5325D0A8A600310BAD /* Frameworks */ = {
			isa = PBXFrameworksBuildPhase;
			buildActionMask = 2147483647;
			files = (
			);
			runOnlyForDeploymentPostprocessing = 0;
		};
/* End PBXFrameworksBuildPhase section */

/* Begin PBXGroup section */
		2F8A4B4D25D0A8A600310BAD = {
			isa = PBXGroup;
			children = (
				2F8A4B5825D0A8A600310BAD /* A32NX MCDU */,
				2F8A4B5725D0A8A600310BAD /* Products */,
			);
			sourceTree = "<group>";
		};
		2F8A4B5725D0A8A600310BAD /* Products */ = {
			isa = PBXGroup;
			children = (
				2F8A4B5625D0A8A600310BAD /* A32NX MCDU.app */,
			);
			name = Products;
			sourceTree = "<group>";
		};
		2F8A4B5825D0A8A600310BAD /* A32NX MCDU */ = {
			isa = PBXGroup;
			children = (
				2FC2644E25D0E4B7003AB74B /* screen */,
				2F8A4B5925D0A8A600310BAD /* AppDelegate.swift */,
				2F8A4B5B25D0A8A600310BAD /* SceneDelegate.swift */,
				2F8A4B5D25D0A8A600310BAD /* ViewController.swift */,
				2F8A4B5F25D0A8A600310BAD /* Main.storyboard */,
				2FC2645425D1163E003AB74B /* MCDUButtonGrid.swift */,
				2FC2645225D0FA7A003AB74B /* MCDUButtonGroup.swift */,
				2FC2645025D0EB95003AB74B /* MCDUButton.swift */,
				2F8A4B6225D0A8A700310BAD /* Assets.xcassets */,
				2F8A4B6425D0A8A700310BAD /* LaunchScreen.storyboard */,
				2F8A4B6725D0A8A700310BAD /* Info.plist */,
			);
			path = "A32NX MCDU";
			sourceTree = "<group>";
		};
/* End PBXGroup section */

/* Begin PBXNativeTarget section */
		2F8A4B5525D0A8A600310BAD /* A32NX MCDU */ = {
			isa = PBXNativeTarget;
			buildConfigurationList = 2F8A4B6A25D0A8A700310BAD /* Build configuration list for PBXNativeTarget "A32NX MCDU" */;
			buildPhases = (
				2F8A4B5225D0A8A600310BAD /* Sources */,
				2F8A4B5325D0A8A600310BAD /* Frameworks */,
				2F8A4B5425D0A8A600310BAD /* Resources */,
			);
			buildRules = (
			);
			dependencies = (
			);
			name = "A32NX MCDU";
			productName = "A32NX MCDU";
			productReference = 2F8A4B5625D0A8A600310BAD /* A32NX MCDU.app */;
			productType = "com.apple.product-type.application";
		};
/* End PBXNativeTarget section */

/* Begin PBXProject section */
		2F8A4B4E25D0A8A600310BAD /* Project object */ = {
			isa = PBXProject;
			attributes = {
				LastSwiftUpdateCheck = 1250;
				LastUpgradeCheck = 1250;
				TargetAttributes = {
					2F8A4B5525D0A8A600310BAD = {
						CreatedOnToolsVersion = 12.5;
					};
				};
			};
			buildConfigurationList = 2F8A4B5125D0A8A600310BAD /* Build configuration list for PBXProject "A32NX MCDU" */;
			compatibilityVersion = "Xcode 9.3";
			developmentRegion = en;
			hasScannedForEncodings = 0;
			knownRegions = (
				en,
				Base,
			);
			mainGroup = 2F8A4B4D25D0A8A600310BAD;
			productRefGroup = 2F8A4B5725D0A8A600310BAD /* Products */;
			projectDirPath = "";
			projectRoot = "";
			targets = (
				2F8A4B5525D0A8A600310BAD /* A32NX MCDU */,
			);
		};
/* End PBXProject section */

/* Begin PBXResourcesBuildPhase section */
		2F8A4B5425D0A8A600310BAD /* Resources */ = {
			isa = PBXResourcesBuildPhase;
			buildActionMask = 2147483647;
			files = (
				2F8A4B6625D0A8A700310BAD /* LaunchScreen.storyboard in Resources */,
				2F8A4B6325D0A8A700310BAD /* Assets.xcassets in Resources */,
				2FC2644F25D0E4B7003AB74B /* screen in Resources */,
				2F8A4B6125D0A8A600310BAD /* Main.storyboard in Resources */,
			);
			runOnlyForDeploymentPostprocessing = 0;
		};
/* End PBXResourcesBuildPhase section */

/* Begin PBXSourcesBuildPhase section */
		2F8A4B5225D0A8A600310BAD /* Sources */ = {
			isa = PBXSourcesBuildPhase;
			buildActionMask = 2147483647;
			files = (
				2F8A4B5E25D0A8A600310BAD /* ViewController.swift in Sources */,
				2F8A4B5A25D0A8A600310BAD /* AppDelegate.swift in Sources */,
				2FC2645325D0FA7A003AB74B /* MCDUButtonGroup.swift in Sources */,
				2F8A4B5C25D0A8A600310BAD /* SceneDelegate.swift in Sources */,
				2FC2645525D1163E003AB74B /* MCDUButtonGrid.swift in Sources */,
				2FC2645125D0EB95003AB74B /* MCDUButton.swift in Sources */,
			);
			runOnlyForDeploymentPostprocessing = 0;
		};
/* End PBXSourcesBuildPhase section */

/* Begin PBXVariantGroup section */
		2F8A4B5F25D0A8A600310BAD /* Main.storyboard */ = {
			isa = PBXVariantGroup;
			children = (
				2F8A4B6025D0A8A600310BAD /* Base */,
			);
			name = Main.storyboard;
			sourceTree = "<group>";
		};
		2F8A4B6425D0A8A700310BAD /* LaunchScreen.storyboard */ = {
			isa = PBXVariantGroup;
			children = (
				2F8A4B6525D0A8A700310BAD /* Base */,
			);
			name = LaunchScreen.storyboard;
			sourceTree = "<group>";
		};
/* End PBXVariantGroup section */

/* Begin XCBuildConfiguration section */
		2F8A4B6825D0A8A700310BAD /* Debug */ = {
			isa = XCBuildConfiguration;
			buildSettings = {
				ALWAYS_SEARCH_USER_PATHS = NO;
				CLANG_ANALYZER_NONNULL = YES;
				CLANG_ANALYZER_NUMBER_OBJECT_CONVERSION = YES_AGGRESSIVE;
				CLANG_CXX_LANGUAGE_STANDARD = "gnu++14";
				CLANG_CXX_LIBRARY = "libc++";
				CLANG_ENABLE_MODULES = YES;
				CLANG_ENABLE_OBJC_ARC = YES;
				CLANG_ENABLE_OBJC_WEAK = YES;
				CLANG_WARN_BLOCK_CAPTURE_AUTORELEASING = YES;
				CLANG_WARN_BOOL_CONVERSION = YES;
				CLANG_WARN_COMMA = YES;
				CLANG_WARN_CONSTANT_CONVERSION = YES;
				CLANG_WARN_DEPRECATED_OBJC_IMPLEMENTATIONS = YES;
				CLANG_WARN_DIRECT_OBJC_ISA_USAGE = YES_ERROR;
				CLANG_WARN_DOCUMENTATION_COMMENTS = YES;
				CLANG_WARN_EMPTY_BODY = YES;
				CLANG_WARN_ENUM_CONVERSION = YES;
				CLANG_WARN_INFINITE_RECURSION = YES;
				CLANG_WARN_INT_CONVERSION = YES;
				CLANG_WARN_NON_LITERAL_NULL_CONVERSION = YES;
				CLANG_WARN_OBJC_IMPLICIT_RETAIN_SELF = YES;
				CLANG_WARN_OBJC_LITERAL_CONVERSION = YES;
				CLANG_WARN_OBJC_ROOT_CLASS = YES_ERROR;
				CLANG_WARN_QUOTED_INCLUDE_IN_FRAMEWORK_HEADER = YES;
				CLANG_WARN_RANGE_LOOP_ANALYSIS = YES;
				CLANG_WARN_STRICT_PROTOTYPES = YES;
				CLANG_WARN_SUSPICIOUS_MOVE = YES;
				CLANG_WARN_UNGUARDED_AVAILABILITY = YES_AGGRESSIVE;
				CLANG_WARN_UNREACHABLE_CODE = YES;
				CLANG_WARN__DUPLICATE_METHOD_MATCH = YES;
				COPY_PHASE_STRIP = NO;
				DEBUG_INFORMATION_FORMAT = dwarf;
				ENABLE_STRICT_OBJC_MSGSEND = YES;
				ENABLE_TESTABILITY = YES;
				GCC_C_LANGUAGE_STANDARD = gnu11;
				GCC_DYNAMIC_NO_PIC = NO;
				GCC_NO_COMMON_BLOCKS = YES;
				GCC_OPTIMIZATION_LEVEL = 0;
				GCC_PREPROCESSOR_DEFINITIONS = (
					"DEBUG=1",
					"$(inherited)",
				);
				GCC_WARN_64_TO_32_BIT_CONVERSION = YES;
				GCC_WARN_ABOUT_RETURN_TYPE = YES_ERROR;
				GCC_WARN_UNDECLARED_SELECTOR = YES;
				GCC_WARN_UNINITIALIZED_AUTOS = YES_AGGRESSIVE;
				GCC_WARN_UNUSED_FUNCTION = YES;
				GCC_WARN_UNUSED_VARIABLE = YES;
				IPHONEOS_DEPLOYMENT_TARGET = 14.5;
				MTL_ENABLE_DEBUG_INFO = INCLUDE_SOURCE;
				MTL_FAST_MATH = YES;
				ONLY_ACTIVE_ARCH = YES;
				SDKROOT = iphoneos;
				SWIFT_ACTIVE_COMPILATION_CONDITIONS = DEBUG;
				SWIFT_OPTIMIZATION_LEVEL = "-Onone";
			};
			name = Debug;
		};
		2F8A4B6925D0A8A700310BAD /* Release */ = {
			isa = XCBuildConfiguration;
			buildSettings = {
				ALWAYS_SEARCH_USER_PATHS = NO;
				CLANG_ANALYZER_NONNULL = YES;
				CLANG_ANALYZER_NUMBER_OBJECT_CONVERSION = YES_AGGRESSIVE;
				CLANG_CXX_LANGUAGE_STANDARD = "gnu++14";
				CLANG_CXX_LIBRARY = "libc++";
				CLANG_ENABLE_MODULES = YES;
				CLANG_ENABLE_OBJC_ARC = YES;
				CLANG_ENABLE_OBJC_WEAK = YES;
				CLANG_WARN_BLOCK_CAPTURE_AUTORELEASING = YES;
				CLANG_WARN_BOOL_CONVERSION = YES;
				CLANG_WARN_COMMA = YES;
				CLANG_WARN_CONSTANT_CONVERSION = YES;
				CLANG_WARN_DEPRECATED_OBJC_IMPLEMENTATIONS = YES;
				CLANG_WARN_DIRECT_OBJC_ISA_USAGE = YES_ERROR;
				CLANG_WARN_DOCUMENTATION_COMMENTS = YES;
				CLANG_WARN_EMPTY_BODY = YES;
				CLANG_WARN_ENUM_CONVERSION = YES;
				CLANG_WARN_INFINITE_RECURSION = YES;
				CLANG_WARN_INT_CONVERSION = YES;
				CLANG_WARN_NON_LITERAL_NULL_CONVERSION = YES;
				CLANG_WARN_OBJC_IMPLICIT_RETAIN_SELF = YES;
				CLANG_WARN_OBJC_LITERAL_CONVERSION = YES;
				CLANG_WARN_OBJC_ROOT_CLASS = YES_ERROR;
				CLANG_WARN_QUOTED_INCLUDE_IN_FRAMEWORK_HEADER = YES;
				CLANG_WARN_RANGE_LOOP_ANALYSIS = YES;
				CLANG_WARN_STRICT_PROTOTYPES = YES;
				CLANG_WARN_SUSPICIOUS_MOVE = YES;
				CLANG_WARN_UNGUARDED_AVAILABILITY = YES_AGGRESSIVE;
				CLANG_WARN_UNREACHABLE_CODE = YES;
				CLANG_WARN__DUPLICATE_METHOD_MATCH = YES;
				COPY_PHASE_STRIP = NO;
				DEBUG_INFORMATION_FORMAT = "dwarf-with-dsym";
				ENABLE_NS_ASSERTIONS = NO;
				ENABLE_STRICT_OBJC_MSGSEND = YES;
				GCC_C_LANGUAGE_STANDARD = gnu11;
				GCC_NO_COMMON_BLOCKS = YES;
				GCC_WARN_64_TO_32_BIT_CONVERSION = YES;
				GCC_WARN_ABOUT_RETURN_TYPE = YES_ERROR;
				GCC_WARN_UNDECLARED_SELECTOR = YES;
				GCC_WARN_UNINITIALIZED_AUTOS = YES_AGGRESSIVE;
				GCC_WARN_UNUSED_FUNCTION = YES;
				GCC_WARN_UNUSED_VARIABLE = YES;
				IPHONEOS_DEPLOYMENT_TARGET = 14.5;
				MTL_ENABLE_DEBUG_INFO = NO;
				MTL_FAST_MATH = YES;
				SDKROOT = iphoneos;
				SWIFT_COMPILATION_MODE = wholemodule;
				SWIFT_OPTIMIZATION_LEVEL = "-O";
				VALIDATE_PRODUCT = YES;
			};
			name = Release;
		};
		2F8A4B6B25D0A8A700310BAD /* Debug */ = {
			isa = XCBuildConfiguration;
			buildSettings = {
				ASSETCATALOG_COMPILER_APPICON_NAME = AppIcon;
				ASSETCATALOG_COMPILER_GLOBAL_ACCENT_COLOR_NAME = AccentColor;
				CODE_SIGN_STYLE = Automatic;
				DEVELOPMENT_TEAM = J8D46U62W6;
				INFOPLIST_FILE = "A32NX MCDU/Info.plist";
				IPHONEOS_DEPLOYMENT_TARGET = 13.0;
				LD_RUNPATH_SEARCH_PATHS = (
					"$(inherited)",
					"@executable_path/Frameworks",
				);
				PRODUCT_BUNDLE_IDENTIFIER = "com.tyler58546.A32NX-MCDU";
				PRODUCT_NAME = "$(TARGET_NAME)";
				SWIFT_VERSION = 5.0;
				TARGETED_DEVICE_FAMILY = "1,2";
			};
			name = Debug;
		};
		2F8A4B6C25D0A8A700310BAD /* Release */ = {
			isa = XCBuildConfiguration;
			buildSettings = {
				ASSETCATALOG_COMPILER_APPICON_NAME = AppIcon;
				ASSETCATALOG_COMPILER_GLOBAL_ACCENT_COLOR_NAME = AccentColor;
				CODE_SIGN_STYLE = Automatic;
				DEVELOPMENT_TEAM = J8D46U62W6;
				INFOPLIST_FILE = "A32NX MCDU/Info.plist";
				IPHONEOS_DEPLOYMENT_TARGET = 13.0;
				LD_RUNPATH_SEARCH_PATHS = (
					"$(inherited)",
					"@executable_path/Frameworks",
				);
				PRODUCT_BUNDLE_IDENTIFIER = "com.tyler58546.A32NX-MCDU";
				PRODUCT_NAME = "$(TARGET_NAME)";
				SWIFT_VERSION = 5.0;
				TARGETED_DEVICE_FAMILY = "1,2";
			};
			name = Release;
		};
/* End XCBuildConfiguration section */

/* Begin XCConfigurationList section */
		2F8A4B5125D0A8A600310BAD /* Build configuration list for PBXProject "A32NX MCDU" */ = {
			isa = XCConfigurationList;
			buildConfigurations = (
				2F8A4B6825D0A8A700310BAD /* Debug */,
				2F8A4B6925D0A8A700310BAD /* Release */,
			);
			defaultConfigurationIsVisible = 0;
			defaultConfigurationName = Release;
		};
		2F8A4B6A25D0A8A700310BAD /* Build configuration list for PBXNativeTarget "A32NX MCDU" */ = {
			isa = XCConfigurationList;
			buildConfigurations = (
				2F8A4B6B25D0A8A700310BAD /* Debug */,
				2F8A4B6C25D0A8A700310BAD /* Release */,
			);
			defaultConfigurationIsVisible = 0;
			defaultConfigurationName = Release;
		};
/* End XCConfigurationList section */
	};
	rootObject = 2F8A4B4E25D0A8A600310BAD /* Project object */;
}
